
Microsoft Visual Studio Solution File, Format Version 12.00
# Visual Studio Version 16
VisualStudioVersion = 16.0.31702.278
MinimumVisualStudioVersion = 10.0.40219.1
Project("{FAE04EC0-301F-11D3-BF4B-00C04F79EFBC}") = "BugTracker", "BugTracker.csproj", "{036C0EC8-C8E4-4197-870D-9657B581238A}"
EndProject
Global
	GlobalSection(SolutionConfigurationPlatforms) = preSolution
		Debug|Any CPU = Debug|Any CPU
		Release|Any CPU = Release|Any CPU
	EndGlobalSection
	GlobalSection(ProjectConfigurationPlatforms) = postSolution
		{036C0EC8-C8E4-4197-870D-9657B581238A}.Debug|Any CPU.ActiveCfg = Debug|Any CPU
		{036C0EC8-C8E4-4197-870D-9657B581238A}.Debug|Any CPU.Build.0 = Debug|Any CPU
		{036C0EC8-C8E4-4197-870D-9657B581238A}.Release|Any CPU.ActiveCfg = Release|Any CPU
		{036C0EC8-C8E4-4197-870D-9657B581238A}.Release|Any CPU.Build.0 = Release|Any CPU
	EndGlobalSection
	GlobalSection(SolutionProperties) = preSolution
		HideSolutionNode = FALSE
	EndGlobalSection
	GlobalSection(ExtensibilityGlobals) = postSolution
		SolutionGuid = {2A2398AC-5FF8-4361-95E2-C5ABE5D6C104}
	EndGlobalSection
EndGlobal
